
Microsoft Visual Studio Solution File, Format Version 12.00
# Visual Studio Version 16
VisualStudioVersion = 16.0.30413.136
MinimumVisualStudioVersion = 10.0.40219.1
Project("{FAE04EC0-301F-11D3-BF4B-00C04F79EFBC}") = "Specialized_PDF_Editor", "Specialized_PDF_Editor\Specialized_PDF_Editor.csproj", "{FCFAF391-63B9-422B-9D72-56F873A38943}"
EndProject
Project("{FAE04EC0-301F-11D3-BF4B-00C04F79EFBC}") = "Specialized_PDF_Editor.Tests", "Specialized_PDF_Editor.Tests\Specialized_PDF_Editor.Tests.csproj", "{B2521C47-C637-4D92-8AE8-BF18F58DB04B}"
EndProject
Global
	GlobalSection(SolutionConfigurationPlatforms) = preSolution
		Debug|Any CPU = Debug|Any CPU
		Release|Any CPU = Release|Any CPU
	EndGlobalSection
	GlobalSection(ProjectConfigurationPlatforms) = postSolution
		{FCFAF391-63B9-422B-9D72-56F873A38943}.Debug|Any CPU.ActiveCfg = Debug|Any CPU
		{FCFAF391-63B9-422B-9D72-56F873A38943}.Debug|Any CPU.Build.0 = Debug|Any CPU
		{FCFAF391-63B9-422B-9D72-56F873A38943}.Release|Any CPU.ActiveCfg = Release|Any CPU
		{FCFAF391-63B9-422B-9D72-56F873A38943}.Release|Any CPU.Build.0 = Release|Any CPU
		{B2521C47-C637-4D92-8AE8-BF18F58DB04B}.Debug|Any CPU.ActiveCfg = Debug|Any CPU
		{B2521C47-C637-4D92-8AE8-BF18F58DB04B}.Debug|Any CPU.Build.0 = Debug|Any CPU
		{B2521C47-C637-4D92-8AE8-BF18F58DB04B}.Release|Any CPU.ActiveCfg = Release|Any CPU
		{B2521C47-C637-4D92-8AE8-BF18F58DB04B}.Release|Any CPU.Build.0 = Release|Any CPU
	EndGlobalSection
	GlobalSection(SolutionProperties) = preSolution
		HideSolutionNode = FALSE
	EndGlobalSection
	GlobalSection(ExtensibilityGlobals) = postSolution
		SolutionGuid = {78256BA2-8193-4516-9405-933911CA42CA}
	EndGlobalSection
EndGlobal
